{
  "pins" : [
    {
      "identity" : "sqlite.swift",
      "kind" : "remoteSourceControl",
      "location" : "https://github.com/stephencelis/SQLite.swift.git",
      "state" : {
        "revision" : "7a2e3cd27de56f6d396e84f63beefd0267b55ccb",
        "version" : "0.14.1"
      }
    },
    {
      "identity" : "translator",
      "kind" : "remoteSourceControl",
      "location" : "https://github.com/jumpei-adachi/Translator.git",
      "state" : {
        "branch" : "main",
        "revision" : "9f514c10eafcd0962c0643769b37d0dd7d470bfe"
      }
    }
  ],
  "version" : 2
}
